
Microsoft Visual Studio Solution File, Format Version 12.00
# Visual Studio for Mac
Project("{FAE04EC0-301F-11D3-BF4B-00C04F79EFBC}") = "VuforiaScripts", "VuforiaScripts.csproj", "{3C2DF412-A596-52F5-445F-D263208B2D81}"
EndProject
Project("{FAE04EC0-301F-11D3-BF4B-00C04F79EFBC}") = "Assembly-CSharp", "Assembly-CSharp.csproj", "{8B066714-0D09-E45D-C6C4-B44732C262D9}"
EndProject
Project("{FAE04EC0-301F-11D3-BF4B-00C04F79EFBC}") = "VuforiaEditorScripts", "VuforiaEditorScripts.csproj", "{6C17F6EC-45FE-54B6-59BF-2B7B3E02E8F3}"
EndProject
Global
	GlobalSection(SolutionConfigurationPlatforms) = preSolution
		Debug|Any CPU = Debug|Any CPU
		Release|Any CPU = Release|Any CPU
	EndGlobalSection
	GlobalSection(ProjectConfigurationPlatforms) = postSolution
		{3C2DF412-A596-52F5-445F-D263208B2D81}.Debug|Any CPU.ActiveCfg = Debug|Any CPU
		{3C2DF412-A596-52F5-445F-D263208B2D81}.Debug|Any CPU.Build.0 = Debug|Any CPU
		{3C2DF412-A596-52F5-445F-D263208B2D81}.Release|Any CPU.ActiveCfg = Release|Any CPU
		{3C2DF412-A596-52F5-445F-D263208B2D81}.Release|Any CPU.Build.0 = Release|Any CPU
		{8B066714-0D09-E45D-C6C4-B44732C262D9}.Debug|Any CPU.ActiveCfg = Debug|Any CPU
		{8B066714-0D09-E45D-C6C4-B44732C262D9}.Debug|Any CPU.Build.0 = Debug|Any CPU
		{8B066714-0D09-E45D-C6C4-B44732C262D9}.Release|Any CPU.ActiveCfg = Release|Any CPU
		{8B066714-0D09-E45D-C6C4-B44732C262D9}.Release|Any CPU.Build.0 = Release|Any CPU
		{6C17F6EC-45FE-54B6-59BF-2B7B3E02E8F3}.Debug|Any CPU.ActiveCfg = Debug|Any CPU
		{6C17F6EC-45FE-54B6-59BF-2B7B3E02E8F3}.Debug|Any CPU.Build.0 = Debug|Any CPU
		{6C17F6EC-45FE-54B6-59BF-2B7B3E02E8F3}.Release|Any CPU.ActiveCfg = Release|Any CPU
		{6C17F6EC-45FE-54B6-59BF-2B7B3E02E8F3}.Release|Any CPU.Build.0 = Release|Any CPU
	EndGlobalSection
	GlobalSection(SolutionProperties) = preSolution
		HideSolutionNode = FALSE
	EndGlobalSection
EndGlobal
